
Microsoft Visual Studio Solution File, Format Version 11.00
# Visual Studio 2010
Project("{FAE04EC0-301F-11D3-BF4B-00C04F79EFBC}") = "Ex", "Assembly-CSharp-firstpass.csproj", "{9B4049E0-A7F3-EB72-6A76-BE4452667361}"
EndProject
Project("{FAE04EC0-301F-11D3-BF4B-00C04F79EFBC}") = "Ex", "Assembly-CSharp.csproj", "{80ABEEC8-553B-F6A7-603A-393EEC476666}"
EndProject
Project("{FAE04EC0-301F-11D3-BF4B-00C04F79EFBC}") = "Ex", "Assembly-CSharp-Editor-firstpass.csproj", "{77FB3CC7-E5B0-F7D9-8A07-0C131B02E587}"
EndProject
Global
	GlobalSection(SolutionConfigurationPlatforms) = preSolution
		Debug|Any CPU = Debug|Any CPU
		Release|Any CPU = Release|Any CPU
	EndGlobalSection
	GlobalSection(ProjectConfigurationPlatforms) = postSolution
		{9B4049E0-A7F3-EB72-6A76-BE4452667361}.Debug|Any CPU.ActiveCfg = Debug|Any CPU
		{9B4049E0-A7F3-EB72-6A76-BE4452667361}.Debug|Any CPU.Build.0 = Debug|Any CPU
		{9B4049E0-A7F3-EB72-6A76-BE4452667361}.Release|Any CPU.ActiveCfg = Release|Any CPU
		{9B4049E0-A7F3-EB72-6A76-BE4452667361}.Release|Any CPU.Build.0 = Release|Any CPU
		{80ABEEC8-553B-F6A7-603A-393EEC476666}.Debug|Any CPU.ActiveCfg = Debug|Any CPU
		{80ABEEC8-553B-F6A7-603A-393EEC476666}.Debug|Any CPU.Build.0 = Debug|Any CPU
		{80ABEEC8-553B-F6A7-603A-393EEC476666}.Release|Any CPU.ActiveCfg = Release|Any CPU
		{80ABEEC8-553B-F6A7-603A-393EEC476666}.Release|Any CPU.Build.0 = Release|Any CPU
		{77FB3CC7-E5B0-F7D9-8A07-0C131B02E587}.Debug|Any CPU.ActiveCfg = Debug|Any CPU
		{77FB3CC7-E5B0-F7D9-8A07-0C131B02E587}.Debug|Any CPU.Build.0 = Debug|Any CPU
		{77FB3CC7-E5B0-F7D9-8A07-0C131B02E587}.Release|Any CPU.ActiveCfg = Release|Any CPU
		{77FB3CC7-E5B0-F7D9-8A07-0C131B02E587}.Release|Any CPU.Build.0 = Release|Any CPU
	EndGlobalSection
	GlobalSection(SolutionProperties) = preSolution
		HideSolutionNode = FALSE
	EndGlobalSection
	GlobalSection(MonoDevelopProperties) = preSolution
		StartupItem = Assembly-CSharp.csproj
	EndGlobalSection
EndGlobal
